// !$*UTF8*$!
{
	archiveVersion = 1;
	classes = {
	};
	objectVersion = 46;
	objects = {

/* Begin PBXBuildFile section */
		214E82B215337B9B008387C0 /* Cocoa.framework in Frameworks */ = {isa = PBXBuildFile; fileRef = 214E82B115337B9B008387C0 /* Cocoa.framework */; };
		214E82BC15337B9B008387C0 /* InfoPlist.strings in Resources */ = {isa = PBXBuildFile; fileRef = 214E82BA15337B9B008387C0 /* InfoPlist.strings */; };
		214E82BE15337B9B008387C0 /* main.m in Sources */ = {isa = PBXBuildFile; fileRef = 214E82BD15337B9B008387C0 /* main.m */; };
		214E82C215337B9B008387C0 /* Credits.rtf in Resources */ = {isa = PBXBuildFile; fileRef = 214E82C015337B9B008387C0 /* Credits.rtf */; };
		214E82C515337B9B008387C0 /* AVMAppDelegate.m in Sources */ = {isa = PBXBuildFile; fileRef = 214E82C415337B9B008387C0 /* AVMAppDelegate.m */; };
		214E82C815337B9C008387C0 /* MainMenu.xib in Resources */ = {isa = PBXBuildFile; fileRef = 214E82C615337B9C008387C0 /* MainMenu.xib */; };
		214E82D015337B9C008387C0 /* SenTestingKit.framework in Frameworks */ = {isa = PBXBuildFile; fileRef = 214E82CF15337B9C008387C0 /* SenTestingKit.framework */; };
		214E82D115337B9C008387C0 /* Cocoa.framework in Frameworks */ = {isa = PBXBuildFile; fileRef = 214E82B115337B9B008387C0 /* Cocoa.framework */; };
		214E82D915337B9C008387C0 /* InfoPlist.strings in Resources */ = {isa = PBXBuildFile; fileRef = 214E82D715337B9C008387C0 /* InfoPlist.strings */; };
		214E82DC15337B9D008387C0 /* AndroidVMTests.m in Sources */ = {isa = PBXBuildFile; fileRef = 214E82DB15337B9D008387C0 /* AndroidVMTests.m */; };
		21D40D54153394DB00359D97 /* button disabled.pxm in Resources */ = {isa = PBXBuildFile; fileRef = 21D40D52153394DB00359D97 /* button disabled.pxm */; };
		21D40D55153394DB00359D97 /* button enabled.pxm in Resources */ = {isa = PBXBuildFile; fileRef = 21D40D53153394DB00359D97 /* button enabled.pxm */; };
		21D40D5C1533971800359D97 /* button disabled.png in Resources */ = {isa = PBXBuildFile; fileRef = 21D40D5A1533971800359D97 /* button disabled.png */; };
		21D40D5D1533971800359D97 /* button enabled.png in Resources */ = {isa = PBXBuildFile; fileRef = 21D40D5B1533971800359D97 /* button enabled.png */; };
		21D40D5F1533990300359D97 /* Window.xib in Resources */ = {isa = PBXBuildFile; fileRef = 21D40D5E1533990300359D97 /* Window.xib */; };
		21D40D621533A19300359D97 /* black button blue.png in Resources */ = {isa = PBXBuildFile; fileRef = 21D40D601533A19300359D97 /* black button blue.png */; };
		21D40D631533A19300359D97 /* black button original.png in Resources */ = {isa = PBXBuildFile; fileRef = 21D40D611533A19300359D97 /* black button original.png */; };
		21D40D651533A34200359D97 /* black button black.png in Resources */ = {isa = PBXBuildFile; fileRef = 21D40D641533A34200359D97 /* black button black.png */; };
		21E20C801533A60C00D4BC0C /* thin button black.png in Resources */ = {isa = PBXBuildFile; fileRef = 21E20C7F1533A60C00D4BC0C /* thin button black.png */; };
		21E20C831533AE2400D4BC0C /* android_screen_by_crazynalin-d38cg5b.jpg in Resources */ = {isa = PBXBuildFile; fileRef = 21E20C821533AE2400D4BC0C /* android_screen_by_crazynalin-d38cg5b.jpg */; };
		21E20C851533AFB000D4BC0C /* android-screen-paused.png in Resources */ = {isa = PBXBuildFile; fileRef = 21E20C841533AFB000D4BC0C /* android-screen-paused.png */; };
/* End PBXBuildFile section */

/* Begin PBXContainerItemProxy section */
		214E82D215337B9C008387C0 /* PBXContainerItemProxy */ = {
			isa = PBXContainerItemProxy;
			containerPortal = 214E82A415337B99008387C0 /* Project object */;
			proxyType = 1;
			remoteGlobalIDString = 214E82AC15337B9B008387C0;
			remoteInfo = AndroidVM;
		};
/* End PBXContainerItemProxy section */

/* Begin PBXFileReference section */
		214E82AD15337B9B008387C0 /* AndroidVM.app */ = {isa = PBXFileReference; explicitFileType = wrapper.application; includeInIndex = 0; path = AndroidVM.app; sourceTree = BUILT_PRODUCTS_DIR; };
		214E82B115337B9B008387C0 /* Cocoa.framework */ = {isa = PBXFileReference; lastKnownFileType = wrapper.framework; name = Cocoa.framework; path = System/Library/Frameworks/Cocoa.framework; sourceTree = SDKROOT; };
		214E82B415337B9B008387C0 /* AppKit.framework */ = {isa = PBXFileReference; lastKnownFileType = wrapper.framework; name = AppKit.framework; path = System/Library/Frameworks/AppKit.framework; sourceTree = SDKROOT; };
		214E82B515337B9B008387C0 /* CoreData.framework */ = {isa = PBXFileReference; lastKnownFileType = wrapper.framework; name = CoreData.framework; path = System/Library/Frameworks/CoreData.framework; sourceTree = SDKROOT; };
		214E82B615337B9B008387C0 /* Foundation.framework */ = {isa = PBXFileReference; lastKnownFileType = wrapper.framework; name = Foundation.framework; path = System/Library/Frameworks/Foundation.framework; sourceTree = SDKROOT; };
		214E82B915337B9B008387C0 /* AndroidVM-Info.plist */ = {isa = PBXFileReference; lastKnownFileType = text.plist.xml; path = "AndroidVM-Info.plist"; sourceTree = "<group>"; };
		214E82BB15337B9B008387C0 /* en */ = {isa = PBXFileReference; lastKnownFileType = text.plist.strings; name = en; path = en.lproj/InfoPlist.strings; sourceTree = "<group>"; };
		214E82BD15337B9B008387C0 /* main.m */ = {isa = PBXFileReference; lastKnownFileType = sourcecode.c.objc; path = main.m; sourceTree = "<group>"; };
		214E82BF15337B9B008387C0 /* AndroidVM-Prefix.pch */ = {isa = PBXFileReference; lastKnownFileType = sourcecode.c.h; path = "AndroidVM-Prefix.pch"; sourceTree = "<group>"; };
		214E82C115337B9B008387C0 /* en */ = {isa = PBXFileReference; lastKnownFileType = text.rtf; name = en; path = en.lproj/Credits.rtf; sourceTree = "<group>"; };
		214E82C315337B9B008387C0 /* AVMAppDelegate.h */ = {isa = PBXFileReference; lastKnownFileType = sourcecode.c.h; path = AVMAppDelegate.h; sourceTree = "<group>"; };
		214E82C415337B9B008387C0 /* AVMAppDelegate.m */ = {isa = PBXFileReference; lastKnownFileType = sourcecode.c.objc; path = AVMAppDelegate.m; sourceTree = "<group>"; };
		214E82C715337B9C008387C0 /* en */ = {isa = PBXFileReference; lastKnownFileType = file.xib; name = en; path = en.lproj/MainMenu.xib; sourceTree = "<group>"; };
		214E82CE15337B9C008387C0 /* AndroidVMTests.octest */ = {isa = PBXFileReference; explicitFileType = wrapper.cfbundle; includeInIndex = 0; path = AndroidVMTests.octest; sourceTree = BUILT_PRODUCTS_DIR; };
		214E82CF15337B9C008387C0 /* SenTestingKit.framework */ = {isa = PBXFileReference; lastKnownFileType = wrapper.framework; name = SenTestingKit.framework; path = Library/Frameworks/SenTestingKit.framework; sourceTree = DEVELOPER_DIR; };
		214E82D615337B9C008387C0 /* AndroidVMTests-Info.plist */ = {isa = PBXFileReference; lastKnownFileType = text.plist.xml; path = "AndroidVMTests-Info.plist"; sourceTree = "<group>"; };
		214E82D815337B9C008387C0 /* en */ = {isa = PBXFileReference; lastKnownFileType = text.plist.strings; name = en; path = en.lproj/InfoPlist.strings; sourceTree = "<group>"; };
		214E82DA15337B9D008387C0 /* AndroidVMTests.h */ = {isa = PBXFileReference; lastKnownFileType = sourcecode.c.h; path = AndroidVMTests.h; sourceTree = "<group>"; };
		214E82DB15337B9D008387C0 /* AndroidVMTests.m */ = {isa = PBXFileReference; lastKnownFileType = sourcecode.c.objc; path = AndroidVMTests.m; sourceTree = "<group>"; };
		214E82E515337D58008387C0 /* AndroidVM.entitlements */ = {isa = PBXFileReference; lastKnownFileType = text.xml; path = AndroidVM.entitlements; sourceTree = "<group>"; };
		21D40D52153394DB00359D97 /* button disabled.pxm */ = {isa = PBXFileReference; lastKnownFileType = file; path = "button disabled.pxm"; sourceTree = "<group>"; };
		21D40D53153394DB00359D97 /* button enabled.pxm */ = {isa = PBXFileReference; lastKnownFileType = file; path = "button enabled.pxm"; sourceTree = "<group>"; };
		21D40D5A1533971800359D97 /* button disabled.png */ = {isa = PBXFileReference; lastKnownFileType = image.png; path = "button disabled.png"; sourceTree = "<group>"; };
		21D40D5B1533971800359D97 /* button enabled.png */ = {isa = PBXFileReference; lastKnownFileType = image.png; path = "button enabled.png"; sourceTree = "<group>"; };
		21D40D5E1533990300359D97 /* Window.xib */ = {isa = PBXFileReference; fileEncoding = 4; lastKnownFileType = file.xib; path = Window.xib; sourceTree = "<group>"; };
		21D40D601533A19300359D97 /* black button blue.png */ = {isa = PBXFileReference; lastKnownFileType = image.png; path = "black button blue.png"; sourceTree = "<group>"; };
		21D40D611533A19300359D97 /* black button original.png */ = {isa = PBXFileReference; lastKnownFileType = image.png; path = "black button original.png"; sourceTree = "<group>"; };
		21D40D641533A34200359D97 /* black button black.png */ = {isa = PBXFileReference; lastKnownFileType = image.png; path = "black button black.png"; sourceTree = "<group>"; };
		21E20C7F1533A60C00D4BC0C /* thin button black.png */ = {isa = PBXFileReference; lastKnownFileType = image.png; path = "thin button black.png"; sourceTree = "<group>"; };
		21E20C821533AE2400D4BC0C /* android_screen_by_crazynalin-d38cg5b.jpg */ = {isa = PBXFileReference; lastKnownFileType = image.jpeg; path = "android_screen_by_crazynalin-d38cg5b.jpg"; sourceTree = "<group>"; };
		21E20C841533AFB000D4BC0C /* android-screen-paused.png */ = {isa = PBXFileReference; lastKnownFileType = image.png; path = "android-screen-paused.png"; sourceTree = "<group>"; };
/* End PBXFileReference section */

/* Begin PBXFrameworksBuildPhase section */
		214E82AA15337B9B008387C0 /* Frameworks */ = {
			isa = PBXFrameworksBuildPhase;
			buildActionMask = 2147483647;
			files = (
				214E82B215337B9B008387C0 /* Cocoa.framework in Frameworks */,
			);
			runOnlyForDeploymentPostprocessing = 0;
		};
		214E82CA15337B9C008387C0 /* Frameworks */ = {
			isa = PBXFrameworksBuildPhase;
			buildActionMask = 2147483647;
			files = (
				214E82D015337B9C008387C0 /* SenTestingKit.framework in Frameworks */,
				214E82D115337B9C008387C0 /* Cocoa.framework in Frameworks */,
			);
			runOnlyForDeploymentPostprocessing = 0;
		};
/* End PBXFrameworksBuildPhase section */

/* Begin PBXGroup section */
		214E82A215337B99008387C0 = {
			isa = PBXGroup;
			children = (
				214E82B715337B9B008387C0 /* AndroidVM */,
				214E82D415337B9C008387C0 /* AndroidVMTests */,
				214E82B015337B9B008387C0 /* Frameworks */,
				214E82AE15337B9B008387C0 /* Products */,
				21D40D52153394DB00359D97 /* button disabled.pxm */,
				21D40D53153394DB00359D97 /* button enabled.pxm */,
				21D40D5A1533971800359D97 /* button disabled.png */,
				21D40D5B1533971800359D97 /* button enabled.png */,
				21D40D601533A19300359D97 /* black button blue.png */,
				21D40D611533A19300359D97 /* black button original.png */,
				21D40D641533A34200359D97 /* black button black.png */,
				21E20C7F1533A60C00D4BC0C /* thin button black.png */,
				21E20C821533AE2400D4BC0C /* android_screen_by_crazynalin-d38cg5b.jpg */,
				21E20C841533AFB000D4BC0C /* android-screen-paused.png */,
			);
			sourceTree = "<group>";
		};
		214E82AE15337B9B008387C0 /* Products */ = {
			isa = PBXGroup;
			children = (
				214E82AD15337B9B008387C0 /* AndroidVM.app */,
				214E82CE15337B9C008387C0 /* AndroidVMTests.octest */,
			);
			name = Products;
			sourceTree = "<group>";
		};
		214E82B015337B9B008387C0 /* Frameworks */ = {
			isa = PBXGroup;
			children = (
				214E82B115337B9B008387C0 /* Cocoa.framework */,
				214E82CF15337B9C008387C0 /* SenTestingKit.framework */,
				214E82B315337B9B008387C0 /* Other Frameworks */,
			);
			name = Frameworks;
			sourceTree = "<group>";
		};
		214E82B315337B9B008387C0 /* Other Frameworks */ = {
			isa = PBXGroup;
			children = (
				214E82B415337B9B008387C0 /* AppKit.framework */,
				214E82B515337B9B008387C0 /* CoreData.framework */,
				214E82B615337B9B008387C0 /* Foundation.framework */,
			);
			name = "Other Frameworks";
			sourceTree = "<group>";
		};
		214E82B715337B9B008387C0 /* AndroidVM */ = {
			isa = PBXGroup;
			children = (
				214E82E515337D58008387C0 /* AndroidVM.entitlements */,
				214E82C315337B9B008387C0 /* AVMAppDelegate.h */,
				214E82C415337B9B008387C0 /* AVMAppDelegate.m */,
				214E82C615337B9C008387C0 /* MainMenu.xib */,
				21D40D5E1533990300359D97 /* Window.xib */,
				214E82B815337B9B008387C0 /* Supporting Files */,
			);
			path = AndroidVM;
			sourceTree = "<group>";
		};
		214E82B815337B9B008387C0 /* Supporting Files */ = {
			isa = PBXGroup;
			children = (
				214E82B915337B9B008387C0 /* AndroidVM-Info.plist */,
				214E82BA15337B9B008387C0 /* InfoPlist.strings */,
				214E82BD15337B9B008387C0 /* main.m */,
				214E82BF15337B9B008387C0 /* AndroidVM-Prefix.pch */,
				214E82C015337B9B008387C0 /* Credits.rtf */,
			);
			name = "Supporting Files";
			sourceTree = "<group>";
		};
		214E82D415337B9C008387C0 /* AndroidVMTests */ = {
			isa = PBXGroup;
			children = (
				214E82DA15337B9D008387C0 /* AndroidVMTests.h */,
				214E82DB15337B9D008387C0 /* AndroidVMTests.m */,
				214E82D515337B9C008387C0 /* Supporting Files */,
			);
			path = AndroidVMTests;
			sourceTree = "<group>";
		};
		214E82D515337B9C008387C0 /* Supporting Files */ = {
			isa = PBXGroup;
			children = (
				214E82D615337B9C008387C0 /* AndroidVMTests-Info.plist */,
				214E82D715337B9C008387C0 /* InfoPlist.strings */,
			);
			name = "Supporting Files";
			sourceTree = "<group>";
		};
/* End PBXGroup section */

/* Begin PBXNativeTarget section */
		214E82AC15337B9B008387C0 /* AndroidVM */ = {
			isa = PBXNativeTarget;
			buildConfigurationList = 214E82DF15337B9D008387C0 /* Build configuration list for PBXNativeTarget "AndroidVM" */;
			buildPhases = (
				214E82A915337B9B008387C0 /* Sources */,
				214E82AA15337B9B008387C0 /* Frameworks */,
				214E82AB15337B9B008387C0 /* Resources */,
			);
			buildRules = (
			);
			dependencies = (
			);
			name = AndroidVM;
			productName = AndroidVM;
			productReference = 214E82AD15337B9B008387C0 /* AndroidVM.app */;
			productType = "com.apple.product-type.application";
		};
		214E82CD15337B9C008387C0 /* AndroidVMTests */ = {
			isa = PBXNativeTarget;
			buildConfigurationList = 214E82E215337B9D008387C0 /* Build configuration list for PBXNativeTarget "AndroidVMTests" */;
			buildPhases = (
				214E82C915337B9C008387C0 /* Sources */,
				214E82CA15337B9C008387C0 /* Frameworks */,
				214E82CB15337B9C008387C0 /* Resources */,
				214E82CC15337B9C008387C0 /* ShellScript */,
			);
			buildRules = (
			);
			dependencies = (
				214E82D315337B9C008387C0 /* PBXTargetDependency */,
			);
			name = AndroidVMTests;
			productName = AndroidVMTests;
			productReference = 214E82CE15337B9C008387C0 /* AndroidVMTests.octest */;
			productType = "com.apple.product-type.bundle";
		};
/* End PBXNativeTarget section */

/* Begin PBXProject section */
		214E82A415337B99008387C0 /* Project object */ = {
			isa = PBXProject;
			attributes = {
				LastUpgradeCheck = 0420;
			};
			buildConfigurationList = 214E82A715337B99008387C0 /* Build configuration list for PBXProject "AndroidVM" */;
			compatibilityVersion = "Xcode 3.2";
			developmentRegion = English;
			hasScannedForEncodings = 0;
			knownRegions = (
				en,
			);
			mainGroup = 214E82A215337B99008387C0;
			productRefGroup = 214E82AE15337B9B008387C0 /* Products */;
			projectDirPath = "";
			projectRoot = "";
			targets = (
				214E82AC15337B9B008387C0 /* AndroidVM */,
				214E82CD15337B9C008387C0 /* AndroidVMTests */,
			);
		};
/* End PBXProject section */

/* Begin PBXResourcesBuildPhase section */
		214E82AB15337B9B008387C0 /* Resources */ = {
			isa = PBXResourcesBuildPhase;
			buildActionMask = 2147483647;
			files = (
				214E82BC15337B9B008387C0 /* InfoPlist.strings in Resources */,
				214E82C215337B9B008387C0 /* Credits.rtf in Resources */,
				214E82C815337B9C008387C0 /* MainMenu.xib in Resources */,
				21D40D54153394DB00359D97 /* button disabled.pxm in Resources */,
				21D40D55153394DB00359D97 /* button enabled.pxm in Resources */,
				21D40D5C1533971800359D97 /* button disabled.png in Resources */,
				21D40D5D1533971800359D97 /* button enabled.png in Resources */,
				21D40D5F1533990300359D97 /* Window.xib in Resources */,
				21D40D621533A19300359D97 /* black button blue.png in Resources */,
				21D40D631533A19300359D97 /* black button original.png in Resources */,
				21D40D651533A34200359D97 /* black button black.png in Resources */,
				21E20C801533A60C00D4BC0C /* thin button black.png in Resources */,
				21E20C831533AE2400D4BC0C /* android_screen_by_crazynalin-d38cg5b.jpg in Resources */,
				21E20C851533AFB000D4BC0C /* android-screen-paused.png in Resources */,
			);
			runOnlyForDeploymentPostprocessing = 0;
		};
		214E82CB15337B9C008387C0 /* Resources */ = {
			isa = PBXResourcesBuildPhase;
			buildActionMask = 2147483647;
			files = (
				214E82D915337B9C008387C0 /* InfoPlist.strings in Resources */,
			);
			runOnlyForDeploymentPostprocessing = 0;
		};
/* End PBXResourcesBuildPhase section */

/* Begin PBXShellScriptBuildPhase section */
		214E82CC15337B9C008387C0 /* ShellScript */ = {
			isa = PBXShellScriptBuildPhase;
			buildActionMask = 2147483647;
			files = (
			);
			inputPaths = (
			);
			outputPaths = (
			);
			runOnlyForDeploymentPostprocessing = 0;
			shellPath = /bin/sh;
			shellScript = "# Run the unit tests in this test bundle.\n\"${SYSTEM_DEVELOPER_DIR}/Tools/RunUnitTests\"\n";
		};
/* End PBXShellScriptBuildPhase section */

/* Begin PBXSourcesBuildPhase section */
		214E82A915337B9B008387C0 /* Sources */ = {
			isa = PBXSourcesBuildPhase;
			buildActionMask = 2147483647;
			files = (
				214E82BE15337B9B008387C0 /* main.m in Sources */,
				214E82C515337B9B008387C0 /* AVMAppDelegate.m in Sources */,
			);
			runOnlyForDeploymentPostprocessing = 0;
		};
		214E82C915337B9C008387C0 /* Sources */ = {
			isa = PBXSourcesBuildPhase;
			buildActionMask = 2147483647;
			files = (
				214E82DC15337B9D008387C0 /* AndroidVMTests.m in Sources */,
			);
			runOnlyForDeploymentPostprocessing = 0;
		};
/* End PBXSourcesBuildPhase section */

/* Begin PBXTargetDependency section */
		214E82D315337B9C008387C0 /* PBXTargetDependency */ = {
			isa = PBXTargetDependency;
			target = 214E82AC15337B9B008387C0 /* AndroidVM */;
			targetProxy = 214E82D215337B9C008387C0 /* PBXContainerItemProxy */;
		};
/* End PBXTargetDependency section */

/* Begin PBXVariantGroup section */
		214E82BA15337B9B008387C0 /* InfoPlist.strings */ = {
			isa = PBXVariantGroup;
			children = (
				214E82BB15337B9B008387C0 /* en */,
			);
			name = InfoPlist.strings;
			sourceTree = "<group>";
		};
		214E82C015337B9B008387C0 /* Credits.rtf */ = {
			isa = PBXVariantGroup;
			children = (
				214E82C115337B9B008387C0 /* en */,
			);
			name = Credits.rtf;
			sourceTree = "<group>";
		};
		214E82C615337B9C008387C0 /* MainMenu.xib */ = {
			isa = PBXVariantGroup;
			children = (
				214E82C715337B9C008387C0 /* en */,
			);
			name = MainMenu.xib;
			sourceTree = "<group>";
		};
		214E82D715337B9C008387C0 /* InfoPlist.strings */ = {
			isa = PBXVariantGroup;
			children = (
				214E82D815337B9C008387C0 /* en */,
			);
			name = InfoPlist.strings;
			sourceTree = "<group>";
		};
/* End PBXVariantGroup section */

/* Begin XCBuildConfiguration section */
		214E82DD15337B9D008387C0 /* Debug */ = {
			isa = XCBuildConfiguration;
			buildSettings = {
				ALWAYS_SEARCH_USER_PATHS = NO;
				ARCHS = "$(ARCHS_STANDARD_64_BIT)";
				CLANG_ENABLE_OBJC_ARC = YES;
				COPY_PHASE_STRIP = NO;
				GCC_C_LANGUAGE_STANDARD = gnu99;
				GCC_DYNAMIC_NO_PIC = NO;
				GCC_ENABLE_OBJC_EXCEPTIONS = YES;
				GCC_OPTIMIZATION_LEVEL = 0;
				GCC_PREPROCESSOR_DEFINITIONS = (
					"DEBUG=1",
					"$(inherited)",
				);
				GCC_SYMBOLS_PRIVATE_EXTERN = NO;
				GCC_VERSION = com.apple.compilers.llvm.clang.1_0;
				GCC_WARN_64_TO_32_BIT_CONVERSION = YES;
				GCC_WARN_ABOUT_MISSING_PROTOTYPES = YES;
				GCC_WARN_ABOUT_RETURN_TYPE = YES;
				GCC_WARN_UNUSED_VARIABLE = YES;
				MACOSX_DEPLOYMENT_TARGET = 10.7;
				ONLY_ACTIVE_ARCH = YES;
				SDKROOT = macosx;
			};
			name = Debug;
		};
		214E82DE15337B9D008387C0 /* Release */ = {
			isa = XCBuildConfiguration;
			buildSettings = {
				ALWAYS_SEARCH_USER_PATHS = NO;
				ARCHS = "$(ARCHS_STANDARD_64_BIT)";
				CLANG_ENABLE_OBJC_ARC = YES;
				COPY_PHASE_STRIP = YES;
				DEBUG_INFORMATION_FORMAT = "dwarf-with-dsym";
				GCC_C_LANGUAGE_STANDARD = gnu99;
				GCC_ENABLE_OBJC_EXCEPTIONS = YES;
				GCC_VERSION = com.apple.compilers.llvm.clang.1_0;
				GCC_WARN_64_TO_32_BIT_CONVERSION = YES;
				GCC_WARN_ABOUT_MISSING_PROTOTYPES = YES;
				GCC_WARN_ABOUT_RETURN_TYPE = YES;
				GCC_WARN_UNUSED_VARIABLE = YES;
				MACOSX_DEPLOYMENT_TARGET = 10.7;
				SDKROOT = macosx;
			};
			name = Release;
		};
		214E82E015337B9D008387C0 /* Debug */ = {
			isa = XCBuildConfiguration;
			buildSettings = {
				CODE_SIGN_ENTITLEMENTS = AndroidVM/AndroidVM.entitlements;
				CODE_SIGN_IDENTITY = "3rd Party Mac Developer Application";
				GCC_PRECOMPILE_PREFIX_HEADER = YES;
				GCC_PREFIX_HEADER = "AndroidVM/AndroidVM-Prefix.pch";
				INFOPLIST_FILE = "AndroidVM/AndroidVM-Info.plist";
				PRODUCT_NAME = "$(TARGET_NAME)";
				WRAPPER_EXTENSION = app;
			};
			name = Debug;
		};
		214E82E115337B9D008387C0 /* Release */ = {
			isa = XCBuildConfiguration;
			buildSettings = {
				CODE_SIGN_ENTITLEMENTS = AndroidVM/AndroidVM.entitlements;
				CODE_SIGN_IDENTITY = "3rd Party Mac Developer Application";
				GCC_PRECOMPILE_PREFIX_HEADER = YES;
				GCC_PREFIX_HEADER = "AndroidVM/AndroidVM-Prefix.pch";
				INFOPLIST_FILE = "AndroidVM/AndroidVM-Info.plist";
				PRODUCT_NAME = "$(TARGET_NAME)";
				WRAPPER_EXTENSION = app;
			};
			name = Release;
		};
		214E82E315337B9D008387C0 /* Debug */ = {
			isa = XCBuildConfiguration;
			buildSettings = {
				BUNDLE_LOADER = "$(BUILT_PRODUCTS_DIR)/AndroidVM.app/Contents/MacOS/AndroidVM";
				FRAMEWORK_SEARCH_PATHS = "$(DEVELOPER_LIBRARY_DIR)/Frameworks";
				GCC_PRECOMPILE_PREFIX_HEADER = YES;
				GCC_PREFIX_HEADER = "AndroidVM/AndroidVM-Prefix.pch";
				INFOPLIST_FILE = "AndroidVMTests/AndroidVMTests-Info.plist";
				PRODUCT_NAME = "$(TARGET_NAME)";
				TEST_HOST = "$(BUNDLE_LOADER)";
				WRAPPER_EXTENSION = octest;
			};
			name = Debug;
		};
		214E82E415337B9D008387C0 /* Release */ = {
			isa = XCBuildConfiguration;
			buildSettings = {
				BUNDLE_LOADER = "$(BUILT_PRODUCTS_DIR)/AndroidVM.app/Contents/MacOS/AndroidVM";
				FRAMEWORK_SEARCH_PATHS = "$(DEVELOPER_LIBRARY_DIR)/Frameworks";
				GCC_PRECOMPILE_PREFIX_HEADER = YES;
				GCC_PREFIX_HEADER = "AndroidVM/AndroidVM-Prefix.pch";
				INFOPLIST_FILE = "AndroidVMTests/AndroidVMTests-Info.plist";
				PRODUCT_NAME = "$(TARGET_NAME)";
				TEST_HOST = "$(BUNDLE_LOADER)";
				WRAPPER_EXTENSION = octest;
			};
			name = Release;
		};
/* End XCBuildConfiguration section */

/* Begin XCConfigurationList section */
		214E82A715337B99008387C0 /* Build configuration list for PBXProject "AndroidVM" */ = {
			isa = XCConfigurationList;
			buildConfigurations = (
				214E82DD15337B9D008387C0 /* Debug */,
				214E82DE15337B9D008387C0 /* Release */,
			);
			defaultConfigurationIsVisible = 0;
			defaultConfigurationName = Release;
		};
		214E82DF15337B9D008387C0 /* Build configuration list for PBXNativeTarget "AndroidVM" */ = {
			isa = XCConfigurationList;
			buildConfigurations = (
				214E82E015337B9D008387C0 /* Debug */,
				214E82E115337B9D008387C0 /* Release */,
			);
			defaultConfigurationIsVisible = 0;
			defaultConfigurationName = Release;
		};
		214E82E215337B9D008387C0 /* Build configuration list for PBXNativeTarget "AndroidVMTests" */ = {
			isa = XCConfigurationList;
			buildConfigurations = (
				214E82E315337B9D008387C0 /* Debug */,
				214E82E415337B9D008387C0 /* Release */,
			);
			defaultConfigurationIsVisible = 0;
			defaultConfigurationName = Release;
		};
/* End XCConfigurationList section */
	};
	rootObject = 214E82A415337B99008387C0 /* Project object */;
}
